
Microsoft Visual Studio Solution File, Format Version 12.00
# Visual Studio 15
VisualStudioVersion = 15.0.27428.2011
MinimumVisualStudioVersion = 10.0.40219.1
Project("{FAE04EC0-301F-11D3-BF4B-00C04F79EFBC}") = "ObjectManager.Unit", "ObjectManager.Unit\ObjectManager.Unit.csproj", "{CCA97BA7-2318-44C4-B506-7573105C3099}"
EndProject
Project("{FAE04EC0-301F-11D3-BF4B-00C04F79EFBC}") = "ObjectManager.Rest.V1.Integration", "ObjectManager.Integration\ObjectManager.Rest.V1.Integration.csproj", "{9EA5BCA4-0058-4DC2-B72F-0990FD58CC59}"
EndProject
Project("{FAE04EC0-301F-11D3-BF4B-00C04F79EFBC}") = "ObjectManager.Rest.Interfaces", "ObjectManager.Rest.Interfaces\ObjectManager.Rest.Interfaces.csproj", "{CFE4EBDF-2F4F-4983-99AD-035333627194}"
EndProject
Project("{FAE04EC0-301F-11D3-BF4B-00C04F79EFBC}") = "ObjectManager.Rest", "ObjectManager.Rest\ObjectManager.Rest.csproj", "{B668C8F1-84C6-458E-AD35-4494A3AF7C1B}"
EndProject
Project("{FAE04EC0-301F-11D3-BF4B-00C04F79EFBC}") = "ObjectManager.Rest.V1", "ObjectManager.Rest.V1\ObjectManager.Rest.V1.csproj", "{D57A182A-BF54-42DD-B17D-6987DAC4FA57}"
EndProject
Project("{FAE04EC0-301F-11D3-BF4B-00C04F79EFBC}") = "ObjectManager.Rest.V2", "ObjectManager.Rest.V2\ObjectManager.Rest.V2.csproj", "{40FDDC45-6C9F-4813-88E6-902F44A4A07F}"
EndProject
Project("{FAE04EC0-301F-11D3-BF4B-00C04F79EFBC}") = "ObjectManager.Rest.Legacy", "ObjectManager.Rest.Legacy\ObjectManager.Rest.Legacy.csproj", "{B0970CCD-BEA1-4DC0-A026-8288D02A8919}"
EndProject
Project("{2150E333-8FDC-42A3-9474-1A3956D46DE8}") = "v1", "v1", "{05FDC375-C41C-4EF3-8163-F1881E16D2E3}"
EndProject
Project("{FAE04EC0-301F-11D3-BF4B-00C04F79EFBC}") = "ObjectManager.Rest.V1.Unit", "ObjectManager.Rest.V1.Unit\ObjectManager.Rest.V1.Unit.csproj", "{68367366-1D34-4AE9-B029-F7B55F18AF25}"
EndProject
Project("{FAE04EC0-301F-11D3-BF4B-00C04F79EFBC}") = "ObjectManager.Rest.V1.Integration", "ObjectManager.Rest.V1.Integration\ObjectManager.Rest.V1.Integration.csproj", "{8498546D-53C7-47D7-9625-72B2A0FFFE3E}"
EndProject
Global
	GlobalSection(SolutionConfigurationPlatforms) = preSolution
		Debug|Any CPU = Debug|Any CPU
		Release|Any CPU = Release|Any CPU
	EndGlobalSection
	GlobalSection(ProjectConfigurationPlatforms) = postSolution
		{CCA97BA7-2318-44C4-B506-7573105C3099}.Debug|Any CPU.ActiveCfg = Debug|Any CPU
		{CCA97BA7-2318-44C4-B506-7573105C3099}.Debug|Any CPU.Build.0 = Debug|Any CPU
		{CCA97BA7-2318-44C4-B506-7573105C3099}.Release|Any CPU.ActiveCfg = Release|Any CPU
		{CCA97BA7-2318-44C4-B506-7573105C3099}.Release|Any CPU.Build.0 = Release|Any CPU
		{9EA5BCA4-0058-4DC2-B72F-0990FD58CC59}.Debug|Any CPU.ActiveCfg = Debug|Any CPU
		{9EA5BCA4-0058-4DC2-B72F-0990FD58CC59}.Debug|Any CPU.Build.0 = Debug|Any CPU
		{9EA5BCA4-0058-4DC2-B72F-0990FD58CC59}.Release|Any CPU.ActiveCfg = Release|Any CPU
		{9EA5BCA4-0058-4DC2-B72F-0990FD58CC59}.Release|Any CPU.Build.0 = Release|Any CPU
		{CFE4EBDF-2F4F-4983-99AD-035333627194}.Debug|Any CPU.ActiveCfg = Debug|Any CPU
		{CFE4EBDF-2F4F-4983-99AD-035333627194}.Debug|Any CPU.Build.0 = Debug|Any CPU
		{CFE4EBDF-2F4F-4983-99AD-035333627194}.Release|Any CPU.ActiveCfg = Release|Any CPU
		{CFE4EBDF-2F4F-4983-99AD-035333627194}.Release|Any CPU.Build.0 = Release|Any CPU
		{B668C8F1-84C6-458E-AD35-4494A3AF7C1B}.Debug|Any CPU.ActiveCfg = Debug|Any CPU
		{B668C8F1-84C6-458E-AD35-4494A3AF7C1B}.Debug|Any CPU.Build.0 = Debug|Any CPU
		{B668C8F1-84C6-458E-AD35-4494A3AF7C1B}.Release|Any CPU.ActiveCfg = Release|Any CPU
		{B668C8F1-84C6-458E-AD35-4494A3AF7C1B}.Release|Any CPU.Build.0 = Release|Any CPU
		{D57A182A-BF54-42DD-B17D-6987DAC4FA57}.Debug|Any CPU.ActiveCfg = Debug|Any CPU
		{D57A182A-BF54-42DD-B17D-6987DAC4FA57}.Debug|Any CPU.Build.0 = Debug|Any CPU
		{D57A182A-BF54-42DD-B17D-6987DAC4FA57}.Release|Any CPU.ActiveCfg = Release|Any CPU
		{D57A182A-BF54-42DD-B17D-6987DAC4FA57}.Release|Any CPU.Build.0 = Release|Any CPU
		{40FDDC45-6C9F-4813-88E6-902F44A4A07F}.Debug|Any CPU.ActiveCfg = Debug|Any CPU
		{40FDDC45-6C9F-4813-88E6-902F44A4A07F}.Debug|Any CPU.Build.0 = Debug|Any CPU
		{40FDDC45-6C9F-4813-88E6-902F44A4A07F}.Release|Any CPU.ActiveCfg = Release|Any CPU
		{40FDDC45-6C9F-4813-88E6-902F44A4A07F}.Release|Any CPU.Build.0 = Release|Any CPU
		{B0970CCD-BEA1-4DC0-A026-8288D02A8919}.Debug|Any CPU.ActiveCfg = Debug|Any CPU
		{B0970CCD-BEA1-4DC0-A026-8288D02A8919}.Debug|Any CPU.Build.0 = Debug|Any CPU
		{B0970CCD-BEA1-4DC0-A026-8288D02A8919}.Release|Any CPU.ActiveCfg = Release|Any CPU
		{B0970CCD-BEA1-4DC0-A026-8288D02A8919}.Release|Any CPU.Build.0 = Release|Any CPU
		{68367366-1D34-4AE9-B029-F7B55F18AF25}.Debug|Any CPU.ActiveCfg = Debug|Any CPU
		{68367366-1D34-4AE9-B029-F7B55F18AF25}.Debug|Any CPU.Build.0 = Debug|Any CPU
		{68367366-1D34-4AE9-B029-F7B55F18AF25}.Release|Any CPU.ActiveCfg = Release|Any CPU
		{68367366-1D34-4AE9-B029-F7B55F18AF25}.Release|Any CPU.Build.0 = Release|Any CPU
		{8498546D-53C7-47D7-9625-72B2A0FFFE3E}.Debug|Any CPU.ActiveCfg = Debug|Any CPU
		{8498546D-53C7-47D7-9625-72B2A0FFFE3E}.Debug|Any CPU.Build.0 = Debug|Any CPU
		{8498546D-53C7-47D7-9625-72B2A0FFFE3E}.Release|Any CPU.ActiveCfg = Release|Any CPU
		{8498546D-53C7-47D7-9625-72B2A0FFFE3E}.Release|Any CPU.Build.0 = Release|Any CPU
	EndGlobalSection
	GlobalSection(SolutionProperties) = preSolution
		HideSolutionNode = FALSE
	EndGlobalSection
	GlobalSection(NestedProjects) = preSolution
		{D57A182A-BF54-42DD-B17D-6987DAC4FA57} = {05FDC375-C41C-4EF3-8163-F1881E16D2E3}
		{68367366-1D34-4AE9-B029-F7B55F18AF25} = {05FDC375-C41C-4EF3-8163-F1881E16D2E3}
		{8498546D-53C7-47D7-9625-72B2A0FFFE3E} = {05FDC375-C41C-4EF3-8163-F1881E16D2E3}
	EndGlobalSection
	GlobalSection(ExtensibilityGlobals) = postSolution
		SolutionGuid = {F296C9A9-B0F8-440F-987F-68C4DDF4B273}
	EndGlobalSection
EndGlobal
