
Microsoft Visual Studio Solution File, Format Version 12.00
# Visual Studio 15
VisualStudioVersion = 15.0.27428.2011
MinimumVisualStudioVersion = 10.0.40219.1
Project("{FAE04EC0-301F-11D3-BF4B-00C04F79EFBC}") = "ObjectManager", "ObjectManager\ObjectManager.csproj", "{70EEFF3F-4CC8-4640-BBF0-A68F9752DE9F}"
EndProject
Project("{FAE04EC0-301F-11D3-BF4B-00C04F79EFBC}") = "ObjectManager.Unit", "ObjectManager.Unit\ObjectManager.Unit.csproj", "{CCA97BA7-2318-44C4-B506-7573105C3099}"
EndProject
Project("{FAE04EC0-301F-11D3-BF4B-00C04F79EFBC}") = "ObjectManager.Integration", "ObjectManager.Integration\ObjectManager.Integration.csproj", "{9EA5BCA4-0058-4DC2-B72F-0990FD58CC59}"
EndProject
Global
	GlobalSection(SolutionConfigurationPlatforms) = preSolution
		Debug|Any CPU = Debug|Any CPU
		Release|Any CPU = Release|Any CPU
	EndGlobalSection
	GlobalSection(ProjectConfigurationPlatforms) = postSolution
		{70EEFF3F-4CC8-4640-BBF0-A68F9752DE9F}.Debug|Any CPU.ActiveCfg = Debug|Any CPU
		{70EEFF3F-4CC8-4640-BBF0-A68F9752DE9F}.Debug|Any CPU.Build.0 = Debug|Any CPU
		{70EEFF3F-4CC8-4640-BBF0-A68F9752DE9F}.Release|Any CPU.ActiveCfg = Release|Any CPU
		{70EEFF3F-4CC8-4640-BBF0-A68F9752DE9F}.Release|Any CPU.Build.0 = Release|Any CPU
		{CCA97BA7-2318-44C4-B506-7573105C3099}.Debug|Any CPU.ActiveCfg = Debug|Any CPU
		{CCA97BA7-2318-44C4-B506-7573105C3099}.Debug|Any CPU.Build.0 = Debug|Any CPU
		{CCA97BA7-2318-44C4-B506-7573105C3099}.Release|Any CPU.ActiveCfg = Release|Any CPU
		{CCA97BA7-2318-44C4-B506-7573105C3099}.Release|Any CPU.Build.0 = Release|Any CPU
		{9EA5BCA4-0058-4DC2-B72F-0990FD58CC59}.Debug|Any CPU.ActiveCfg = Debug|Any CPU
		{9EA5BCA4-0058-4DC2-B72F-0990FD58CC59}.Debug|Any CPU.Build.0 = Debug|Any CPU
		{9EA5BCA4-0058-4DC2-B72F-0990FD58CC59}.Release|Any CPU.ActiveCfg = Release|Any CPU
		{9EA5BCA4-0058-4DC2-B72F-0990FD58CC59}.Release|Any CPU.Build.0 = Release|Any CPU
	EndGlobalSection
	GlobalSection(SolutionProperties) = preSolution
		HideSolutionNode = FALSE
	EndGlobalSection
	GlobalSection(ExtensibilityGlobals) = postSolution
		SolutionGuid = {F296C9A9-B0F8-440F-987F-68C4DDF4B273}
	EndGlobalSection
EndGlobal
